
Microsoft Visual Studio Solution File, Format Version 12.00
# Visual Studio Version 16
VisualStudioVersion = 16.0.32228.343
MinimumVisualStudioVersion = 10.0.40219.1
Project("{8BC9CEB8-8B4A-11D0-8D11-00A0C91BC942}") = "Salesman", "Salesman\Salesman.vcxproj", "{4B078ED8-5D8A-4FCA-81D2-2F7AE1848F0A}"
EndProject
Global
	GlobalSection(SolutionConfigurationPlatforms) = preSolution
		Debug|x64 = Debug|x64
		Debug|x86 = Debug|x86
		Release|x64 = Release|x64
		Release|x86 = Release|x86
	EndGlobalSection
	GlobalSection(ProjectConfigurationPlatforms) = postSolution
		{4B078ED8-5D8A-4FCA-81D2-2F7AE1848F0A}.Debug|x64.ActiveCfg = Debug|x64
		{4B078ED8-5D8A-4FCA-81D2-2F7AE1848F0A}.Debug|x64.Build.0 = Debug|x64
		{4B078ED8-5D8A-4FCA-81D2-2F7AE1848F0A}.Debug|x86.ActiveCfg = Debug|Win32
		{4B078ED8-5D8A-4FCA-81D2-2F7AE1848F0A}.Debug|x86.Build.0 = Debug|Win32
		{4B078ED8-5D8A-4FCA-81D2-2F7AE1848F0A}.Release|x64.ActiveCfg = Release|x64
		{4B078ED8-5D8A-4FCA-81D2-2F7AE1848F0A}.Release|x64.Build.0 = Release|x64
		{4B078ED8-5D8A-4FCA-81D2-2F7AE1848F0A}.Release|x86.ActiveCfg = Release|Win32
		{4B078ED8-5D8A-4FCA-81D2-2F7AE1848F0A}.Release|x86.Build.0 = Release|Win32
	EndGlobalSection
	GlobalSection(SolutionProperties) = preSolution
		HideSolutionNode = FALSE
	EndGlobalSection
	GlobalSection(ExtensibilityGlobals) = postSolution
		SolutionGuid = {0C83C98A-91E5-4258-ACA1-F12439FFFB75}
	EndGlobalSection
EndGlobal
